PODS:
  - ExLog (0.3.2)
  - Nimble (9.0.0)
  - Quick (3.0.0)

DEPENDENCIES:
  - ExLog (from `../`)
  - Nimble
  - Quick

SPEC REPOS:
  trunk:
    - Nimble
    - Quick

EXTERNAL SOURCES:
  ExLog:
    :path: "../"

SPEC CHECKSUMS:
  ExLog: 63ba09edeec69aa198734d659c3ba1b3b15d9857
  Nimble: 3b4ec3fd40f1dc178058e0981107721c615643d8
  Quick: 6d9559f40647bc4d510103842ef2fdd882d753e2

PODFILE CHECKSUM: 4f8ac5520e1e2c4ab29916a89f64aeb18e926785

COCOAPODS: 1.10.0
